
Microsoft Visual Studio Solution File, Format Version 12.00
# Visual Studio 2015
Project("{FAE04EC0-301F-11D3-BF4B-00C04F79EFBC}") = "Mirrors.CSharp.Plugins", "Mirrors.CSharp.Plugins.csproj", "{32D19A35-37EB-9E4E-0B95-B5C486D4501F}"
EndProject
Project("{FAE04EC0-301F-11D3-BF4B-00C04F79EFBC}") = "Mirrors.CSharp", "Mirrors.CSharp.csproj", "{AAAF40EC-4659-CA9A-9F2D-40ABC1A1256D}"
EndProject
Project("{FAE04EC0-301F-11D3-BF4B-00C04F79EFBC}") = "Mirrors.CSharp.Editor", "Mirrors.CSharp.Editor.csproj", "{58D2AD42-C353-DF1F-E249-00D737326CD8}"
EndProject
Global
	GlobalSection(SolutionConfigurationPlatforms) = preSolution
		Debug|Any CPU = Debug|Any CPU
		Release|Any CPU = Release|Any CPU
	EndGlobalSection
	GlobalSection(ProjectConfigurationPlatforms) = postSolution
		{32D19A35-37EB-9E4E-0B95-B5C486D4501F}.Debug|Any CPU.ActiveCfg = Debug|Any CPU
		{32D19A35-37EB-9E4E-0B95-B5C486D4501F}.Debug|Any CPU.Build.0 = Debug|Any CPU
		{32D19A35-37EB-9E4E-0B95-B5C486D4501F}.Release|Any CPU.ActiveCfg = Release|Any CPU
		{32D19A35-37EB-9E4E-0B95-B5C486D4501F}.Release|Any CPU.Build.0 = Release|Any CPU
		{AAAF40EC-4659-CA9A-9F2D-40ABC1A1256D}.Debug|Any CPU.ActiveCfg = Debug|Any CPU
		{AAAF40EC-4659-CA9A-9F2D-40ABC1A1256D}.Debug|Any CPU.Build.0 = Debug|Any CPU
		{AAAF40EC-4659-CA9A-9F2D-40ABC1A1256D}.Release|Any CPU.ActiveCfg = Release|Any CPU
		{AAAF40EC-4659-CA9A-9F2D-40ABC1A1256D}.Release|Any CPU.Build.0 = Release|Any CPU
		{58D2AD42-C353-DF1F-E249-00D737326CD8}.Debug|Any CPU.ActiveCfg = Debug|Any CPU
		{58D2AD42-C353-DF1F-E249-00D737326CD8}.Debug|Any CPU.Build.0 = Debug|Any CPU
		{58D2AD42-C353-DF1F-E249-00D737326CD8}.Release|Any CPU.ActiveCfg = Release|Any CPU
		{58D2AD42-C353-DF1F-E249-00D737326CD8}.Release|Any CPU.Build.0 = Release|Any CPU
	EndGlobalSection
	GlobalSection(SolutionProperties) = preSolution
		HideSolutionNode = FALSE
	EndGlobalSection
EndGlobal
